
Microsoft Visual Studio Solution File, Format Version 12.00
# Visual Studio Version 17
VisualStudioVersion = 17.10.35013.160
MinimumVisualStudioVersion = 10.0.40219.1
Project("{FAE04EC0-301F-11D3-BF4B-00C04F79EFBC}") = "Numero_Mayor_a_Menor", "Numero_Mayor_a_Menor.csproj", "{DBA32750-45FB-4D3F-BBBC-A6B28D014EFA}"
EndProject
Global
	GlobalSection(SolutionConfigurationPlatforms) = preSolution
		Debug|Any CPU = Debug|Any CPU
		Release|Any CPU = Release|Any CPU
	EndGlobalSection
	GlobalSection(ProjectConfigurationPlatforms) = postSolution
		{DBA32750-45FB-4D3F-BBBC-A6B28D014EFA}.Debug|Any CPU.ActiveCfg = Debug|Any CPU
		{DBA32750-45FB-4D3F-BBBC-A6B28D014EFA}.Debug|Any CPU.Build.0 = Debug|Any CPU
		{DBA32750-45FB-4D3F-BBBC-A6B28D014EFA}.Release|Any CPU.ActiveCfg = Release|Any CPU
		{DBA32750-45FB-4D3F-BBBC-A6B28D014EFA}.Release|Any CPU.Build.0 = Release|Any CPU
	EndGlobalSection
	GlobalSection(SolutionProperties) = preSolution
		HideSolutionNode = FALSE
	EndGlobalSection
	GlobalSection(ExtensibilityGlobals) = postSolution
		SolutionGuid = {0E1FFAA3-D405-435D-BC94-957BB1D86C2D}
	EndGlobalSection
EndGlobal
